lockfileVersion: '9.0'

settings:
  autoInstallPeers: true
  excludeLinksFromLockfile: false

importers:

  .:
    dependencies:
      '@types/node':
        specifier: ^24.0.1
        version: 24.0.1
    devDependencies:
      '@sanity/blueprints':
        specifier: 0.0.1
        version: 0.0.1

packages:

  '@sanity/blueprints@0.0.1':
    resolution: {integrity: sha512-/UukSy8g6+M93oAYpO9olF36ZL3gja9tlTDtkbzw1f2CbyySRYI1fHJZmVNVSjWFLtKvaJIHiR7EhD1MzMvOSw==}
    engines: {node: '>=20'}

  '@types/node@24.0.1':
    resolution: {integrity: sha512-MX4Zioh39chHlDJbKmEgydJDS3tspMP/lnQC67G3SWsTnb9NeYVWOjkxpOSy4oMfPs4StcWHwBrvUb4ybfnuaw==}

  undici-types@7.8.0:
    resolution: {integrity: sha512-9UJ2xGDvQ43tYyVMpuHlsgApydB8ZKfVYTsLDhXkFL/6gfkp+U8xTGdh8pMJv1SpZna0zxG1DwsKZsreLbXBxw==}

snapshots:

  '@sanity/blueprints@0.0.1': {}

  '@types/node@24.0.1':
    dependencies:
      undici-types: 7.8.0

  undici-types@7.8.0: {}
