lockfileVersion: '9.0'

settings:
  autoInstallPeers: true
  excludeLinksFromLockfile: false

importers:

  .:
    dependencies:
      '@sanity/functions':
        specifier: 1.0.2
        version: 1.0.2
      algoliasearch:
        specifier: ^5.27.0
        version: 5.27.0
      dotenv:
        specifier: ^16.5.0
        version: 16.5.0
      node-fetch:
        specifier: ^3.3.2
        version: 3.3.2

packages:

  '@algolia/client-abtesting@5.27.0':
    resolution: {integrity: sha512-SITU5umoknxETtw67TxJu9njyMkWiH8pM+Bvw4dzfuIrIAT6Y1rmwV4y0A0didWoT+6xVuammIykbtBMolBcmg==}
    engines: {node: '>= 14.0.0'}

  '@algolia/client-analytics@5.27.0':
    resolution: {integrity: sha512-go1b9qIZK5vYEQ7jD2bsfhhhVsoh9cFxQ5xF8TzTsg2WOCZR3O92oXCkq15SOK0ngJfqDU6a/k0oZ4KuEnih1Q==}
    engines: {node: '>= 14.0.0'}

  '@algolia/client-common@5.27.0':
    resolution: {integrity: sha512-tnFOzdNuMzsz93kOClj3fKfuYoF3oYaEB5bggULSj075GJ7HUNedBEm7a6ScrjtnOaOtipbnT7veUpHA4o4wEQ==}
    engines: {node: '>= 14.0.0'}

  '@algolia/client-insights@5.27.0':
    resolution: {integrity: sha512-y1qgw39qZijjQBXrqZTiwK1cWgWGRiLpJNWBv9w36nVMKfl9kInrfsYmdBAfmlhVgF/+Woe0y1jQ7pa4HyShAw==}
    engines: {node: '>= 14.0.0'}

  '@algolia/client-personalization@5.27.0':
    resolution: {integrity: sha512-XluG9qPZKEbiLoIfXTKbABsWDNOMPx0t6T2ImJTTeuX+U/zBdmfcqqgcgkqXp+vbXof/XX/4of9Eqo1JaqEmKw==}
    engines: {node: '>= 14.0.0'}

  '@algolia/client-query-suggestions@5.27.0':
    resolution: {integrity: sha512-V8/To+SsAl2sdw2AAjeLJuCW1L+xpz+LAGerJK7HKqHzE5yQhWmIWZTzqYQcojkii4iBMYn0y3+uReWqT8XVSQ==}
    engines: {node: '>= 14.0.0'}

  '@algolia/client-search@5.27.0':
    resolution: {integrity: sha512-EJJ7WmvmUXZdchueKFCK8UZFyLqy4Hz64snNp0cTc7c0MKaSeDGYEDxVsIJKp15r7ORaoGxSyS4y6BGZMXYuCg==}
    engines: {node: '>= 14.0.0'}

  '@algolia/ingestion@1.27.0':
    resolution: {integrity: sha512-xNCyWeqpmEo4EdmpG57Fs1fJIQcPwt5NnJ6MBdXnUdMVXF4f5PHgza+HQWQQcYpCsune96jfmR0v7us6gRIlCw==}
    engines: {node: '>= 14.0.0'}

  '@algolia/monitoring@1.27.0':
    resolution: {integrity: sha512-P0NDiEFyt9UYQLBI0IQocIT7xHpjMpoFN3UDeerbztlkH9HdqT0GGh1SHYmNWpbMWIGWhSJTtz6kSIWvFu4+pw==}
    engines: {node: '>= 14.0.0'}

  '@algolia/recommend@5.27.0':
    resolution: {integrity: sha512-cqfTMF1d1cc7hg0vITNAFxJZas7MJ4Obc36WwkKpY23NOtGb+4tH9X7UKlQa2PmTgbXIANoJ/DAQTeiVlD2I4Q==}
    engines: {node: '>= 14.0.0'}

  '@algolia/requester-browser-xhr@5.27.0':
    resolution: {integrity: sha512-ErenYTcXl16wYXtf0pxLl9KLVxIztuehqXHfW9nNsD8mz9OX42HbXuPzT7y6JcPiWJpc/UU/LY5wBTB65vsEUg==}
    engines: {node: '>= 14.0.0'}

  '@algolia/requester-fetch@5.27.0':
    resolution: {integrity: sha512-CNOvmXsVi+IvT7z1d+6X7FveVkgEQwTNgipjQCHTIbF9KSMfZR7tUsJC+NpELrm10ALdOMauah84ybs9rw1cKQ==}
    engines: {node: '>= 14.0.0'}

  '@algolia/requester-node-http@5.27.0':
    resolution: {integrity: sha512-Nx9EdLYZDsaYFTthqmc0XcVvsx6jqeEX8fNiYOB5i2HboQwl8pJPj1jFhGqoGd0KG7KFR+sdPO5/e0EDDAru2Q==}
    engines: {node: '>= 14.0.0'}

  '@sanity/functions@1.0.2':
    resolution: {integrity: sha512-qbLNmrNKn6QH8qjxWsuWZlg+tNzmqDVx0pbRDClgIOSpTFZGH4jhm1WHCoAxj267AJsmQO6+mbOc6tmKmG/vaA==}
    engines: {node: '>=20'}

  algoliasearch@5.27.0:
    resolution: {integrity: sha512-2PvAgvxxJzA3+dB+ERfS2JPdvUsxNf89Cc2GF5iCcFupTULOwmbfinvqrC4Qj9nHJJDNf494NqEN/1f9177ZTQ==}
    engines: {node: '>= 14.0.0'}

  data-uri-to-buffer@4.0.1:
    resolution: {integrity: sha512-0R9ikRb668HB7QDxT1vkpuUBtqc53YyAwMwGeUFKRojY/NWKvdZ+9UYtRfGmhqNbRkTSVpMbmyhXipFFv2cb/A==}
    engines: {node: '>= 12'}

  dotenv@16.5.0:
    resolution: {integrity: sha512-m/C+AwOAr9/W1UOIZUo232ejMNnJAJtYQjUbHoNTBNTJSvqzzDh7vnrei3o3r3m9blf6ZoDkvcw0VmozNRFJxg==}
    engines: {node: '>=12'}

  fetch-blob@3.2.0:
    resolution: {integrity: sha512-7yAQpD2UMJzLi1Dqv7qFYnPbaPx7ZfFK6PiIxQ4PfkGPyNyl2Ugx+a/umUonmKqjhM4DnfbMvdX6otXq83soQQ==}
    engines: {node: ^12.20 || >= 14.13}

  formdata-polyfill@4.0.10:
    resolution: {integrity: sha512-buewHzMvYL29jdeQTVILecSaZKnt/RJWjoZCF5OW60Z67/GmSLBkOFM7qh1PI3zFNtJbaZL5eQu1vLfazOwj4g==}
    engines: {node: '>=12.20.0'}

  node-domexception@1.0.0:
    resolution: {integrity: sha512-/jKZoMpw0F8GRwl4/eLROPA3cfcXtLApP0QzLmUT/HuPCZWyB7IY9ZrMeKw2O/nFIqPQB3PVM9aYm0F312AXDQ==}
    engines: {node: '>=10.5.0'}
    deprecated: Use your platform's native DOMException instead

  node-fetch@3.3.2:
    resolution: {integrity: sha512-dRB78srN/l6gqWulah9SrxeYnxeddIG30+GOqK/9OlLVyLg3HPnr6SqOWTWOXKRwC2eGYCkZ59NNuSgvSrpgOA==}
    engines: {node: ^12.20.0 || ^14.13.1 || >=16.0.0}

  web-streams-polyfill@3.3.3:
    resolution: {integrity: sha512-d2JWLCivmZYTSIoge9MsgFCZrt571BikcWGYkjC1khllbTeDlGqZ2D8vD8E/lJa8WGWbb7Plm8/XJYV7IJHZZw==}
    engines: {node: '>= 8'}

snapshots:

  '@algolia/client-abtesting@5.27.0':
    dependencies:
      '@algolia/client-common': 5.27.0
      '@algolia/requester-browser-xhr': 5.27.0
      '@algolia/requester-fetch': 5.27.0
      '@algolia/requester-node-http': 5.27.0

  '@algolia/client-analytics@5.27.0':
    dependencies:
      '@algolia/client-common': 5.27.0
      '@algolia/requester-browser-xhr': 5.27.0
      '@algolia/requester-fetch': 5.27.0
      '@algolia/requester-node-http': 5.27.0

  '@algolia/client-common@5.27.0': {}

  '@algolia/client-insights@5.27.0':
    dependencies:
      '@algolia/client-common': 5.27.0
      '@algolia/requester-browser-xhr': 5.27.0
      '@algolia/requester-fetch': 5.27.0
      '@algolia/requester-node-http': 5.27.0

  '@algolia/client-personalization@5.27.0':
    dependencies:
      '@algolia/client-common': 5.27.0
      '@algolia/requester-browser-xhr': 5.27.0
      '@algolia/requester-fetch': 5.27.0
      '@algolia/requester-node-http': 5.27.0

  '@algolia/client-query-suggestions@5.27.0':
    dependencies:
      '@algolia/client-common': 5.27.0
      '@algolia/requester-browser-xhr': 5.27.0
      '@algolia/requester-fetch': 5.27.0
      '@algolia/requester-node-http': 5.27.0

  '@algolia/client-search@5.27.0':
    dependencies:
      '@algolia/client-common': 5.27.0
      '@algolia/requester-browser-xhr': 5.27.0
      '@algolia/requester-fetch': 5.27.0
      '@algolia/requester-node-http': 5.27.0

  '@algolia/ingestion@1.27.0':
    dependencies:
      '@algolia/client-common': 5.27.0
      '@algolia/requester-browser-xhr': 5.27.0
      '@algolia/requester-fetch': 5.27.0
      '@algolia/requester-node-http': 5.27.0

  '@algolia/monitoring@1.27.0':
    dependencies:
      '@algolia/client-common': 5.27.0
      '@algolia/requester-browser-xhr': 5.27.0
      '@algolia/requester-fetch': 5.27.0
      '@algolia/requester-node-http': 5.27.0

  '@algolia/recommend@5.27.0':
    dependencies:
      '@algolia/client-common': 5.27.0
      '@algolia/requester-browser-xhr': 5.27.0
      '@algolia/requester-fetch': 5.27.0
      '@algolia/requester-node-http': 5.27.0

  '@algolia/requester-browser-xhr@5.27.0':
    dependencies:
      '@algolia/client-common': 5.27.0

  '@algolia/requester-fetch@5.27.0':
    dependencies:
      '@algolia/client-common': 5.27.0

  '@algolia/requester-node-http@5.27.0':
    dependencies:
      '@algolia/client-common': 5.27.0

  '@sanity/functions@1.0.2': {}

  algoliasearch@5.27.0:
    dependencies:
      '@algolia/client-abtesting': 5.27.0
      '@algolia/client-analytics': 5.27.0
      '@algolia/client-common': 5.27.0
      '@algolia/client-insights': 5.27.0
      '@algolia/client-personalization': 5.27.0
      '@algolia/client-query-suggestions': 5.27.0
      '@algolia/client-search': 5.27.0
      '@algolia/ingestion': 1.27.0
      '@algolia/monitoring': 1.27.0
      '@algolia/recommend': 5.27.0
      '@algolia/requester-browser-xhr': 5.27.0
      '@algolia/requester-fetch': 5.27.0
      '@algolia/requester-node-http': 5.27.0

  data-uri-to-buffer@4.0.1: {}

  dotenv@16.5.0: {}

  fetch-blob@3.2.0:
    dependencies:
      node-domexception: 1.0.0
      web-streams-polyfill: 3.3.3

  formdata-polyfill@4.0.10:
    dependencies:
      fetch-blob: 3.2.0

  node-domexception@1.0.0: {}

  node-fetch@3.3.2:
    dependencies:
      data-uri-to-buffer: 4.0.1
      fetch-blob: 3.2.0
      formdata-polyfill: 4.0.10

  web-streams-polyfill@3.3.3: {}
